
Microsoft Visual Studio Solution File, Format Version 12.00
# Visual Studio Version 17
VisualStudioVersion = 17.5.33424.131
MinimumVisualStudioVersion = 10.0.40219.1
Project("{FAE04EC0-301F-11D3-BF4B-00C04F79EFBC}") = "SuperSoft.WebAPI", "SuperSoft.WebAPI\SuperSoft.WebAPI.csproj", "{99C9F04F-E5A5-493F-B368-9F47234BC401}"
EndProject
Global
	GlobalSection(SolutionConfigurationPlatforms) = preSolution
		Debug|Any CPU = Debug|Any CPU
		Release|Any CPU = Release|Any CPU
	EndGlobalSection
	GlobalSection(ProjectConfigurationPlatforms) = postSolution
		{99C9F04F-E5A5-493F-B368-9F47234BC401}.Debug|Any CPU.ActiveCfg = Debug|Any CPU
		{99C9F04F-E5A5-493F-B368-9F47234BC401}.Debug|Any CPU.Build.0 = Debug|Any CPU
		{99C9F04F-E5A5-493F-B368-9F47234BC401}.Release|Any CPU.ActiveCfg = Release|Any CPU
		{99C9F04F-E5A5-493F-B368-9F47234BC401}.Release|Any CPU.Build.0 = Release|Any CPU
	EndGlobalSection
	GlobalSection(SolutionProperties) = preSolution
		HideSolutionNode = FALSE
	EndGlobalSection
	GlobalSection(ExtensibilityGlobals) = postSolution
		SolutionGuid = {A0048B71-18BA-4746-B5FE-D8F75E40D371}
	EndGlobalSection
EndGlobal
